// !$*UTF8*$!
{
	archiveVersion = 1;
	classes = {
	};
	objectVersion = 50;
	objects = {

/* Begin PBXBuildFile section */
		890B0501249FA1A400F8EF5D /* ZHInfoView.swift in Sources */ = {isa = PBXBuildFile; fileRef = 890B0500249FA1A400F8EF5D /* ZHInfoView.swift */; };
		8927274124A094B300A26C63 /* Data.json in Resources */ = {isa = PBXBuildFile; fileRef = 89562E6524A07864002F9785 /* Data.json */; };
		894FB094249EF5EE008A0D83 /* AppDelegate.swift in Sources */ = {isa = PBXBuildFile; fileRef = 894FB093249EF5EE008A0D83 /* AppDelegate.swift */; };
		894FB096249EF5EE008A0D83 /* SceneDelegate.swift in Sources */ = {isa = PBXBuildFile; fileRef = 894FB095249EF5EE008A0D83 /* SceneDelegate.swift */; };
		894FB098249EF5EE008A0D83 /* ViewController.swift in Sources */ = {isa = PBXBuildFile; fileRef = 894FB097249EF5EE008A0D83 /* ViewController.swift */; };
		894FB09B249EF5EE008A0D83 /* Main.storyboard in Resources */ = {isa = PBXBuildFile; fileRef = 894FB099249EF5EE008A0D83 /* Main.storyboard */; };
		894FB09D249EF5F0008A0D83 /* Assets.xcassets in Resources */ = {isa = PBXBuildFile; fileRef = 894FB09C249EF5F0008A0D83 /* Assets.xcassets */; };
		894FB0A0249EF5F0008A0D83 /* LaunchScreen.storyboard in Resources */ = {isa = PBXBuildFile; fileRef = 894FB09E249EF5F0008A0D83 /* LaunchScreen.storyboard */; };
		894FB0A9249F04F3008A0D83 /* ZHSelectView.swift in Sources */ = {isa = PBXBuildFile; fileRef = 894FB0A8249F04F3008A0D83 /* ZHSelectView.swift */; };
		89562E6124A040EE002F9785 /* ZHColor.swift in Sources */ = {isa = PBXBuildFile; fileRef = 89562E6024A040EE002F9785 /* ZHColor.swift */; };
		89562E6324A05B7C002F9785 /* ZHTextField.swift in Sources */ = {isa = PBXBuildFile; fileRef = 89562E6224A05B7C002F9785 /* ZHTextField.swift */; };
		89562E6724A091CB002F9785 /* Repository.swift in Sources */ = {isa = PBXBuildFile; fileRef = 89562E6624A091CB002F9785 /* Repository.swift */; };
/* End PBXBuildFile section */

/* Begin PBXFileReference section */
		890B0500249FA1A400F8EF5D /* ZHInfoView.swift */ = {isa = PBXFileReference; lastKnownFileType = sourcecode.swift; path = ZHInfoView.swift; sourceTree = "<group>"; };
		894FB090249EF5EE008A0D83 /* GitExplorer.app */ = {isa = PBXFileReference; explicitFileType = wrapper.application; includeInIndex = 0; path = GitExplorer.app; sourceTree = BUILT_PRODUCTS_DIR; };
		894FB093249EF5EE008A0D83 /* AppDelegate.swift */ = {isa = PBXFileReference; lastKnownFileType = sourcecode.swift; path = AppDelegate.swift; sourceTree = "<group>"; };
		894FB095249EF5EE008A0D83 /* SceneDelegate.swift */ = {isa = PBXFileReference; lastKnownFileType = sourcecode.swift; path = SceneDelegate.swift; sourceTree = "<group>"; };
		894FB097249EF5EE008A0D83 /* ViewController.swift */ = {isa = PBXFileReference; lastKnownFileType = sourcecode.swift; path = ViewController.swift; sourceTree = "<group>"; };
		894FB09A249EF5EE008A0D83 /* Base */ = {isa = PBXFileReference; lastKnownFileType = file.storyboard; name = Base; path = Base.lproj/Main.storyboard; sourceTree = "<group>"; };
		894FB09C249EF5F0008A0D83 /* Assets.xcassets */ = {isa = PBXFileReference; lastKnownFileType = folder.assetcatalog; path = Assets.xcassets; sourceTree = "<group>"; };
		894FB09F249EF5F0008A0D83 /* Base */ = {isa = PBXFileReference; lastKnownFileType = file.storyboard; name = Base; path = Base.lproj/LaunchScreen.storyboard; sourceTree = "<group>"; };
		894FB0A1249EF5F0008A0D83 /* Info.plist */ = {isa = PBXFileReference; lastKnownFileType = text.plist.xml; path = Info.plist; sourceTree = "<group>"; };
		894FB0A8249F04F3008A0D83 /* ZHSelectView.swift */ = {isa = PBXFileReference; lastKnownFileType = sourcecode.swift; path = ZHSelectView.swift; sourceTree = "<group>"; };
		89562E6024A040EE002F9785 /* ZHColor.swift */ = {isa = PBXFileReference; lastKnownFileType = sourcecode.swift; path = ZHColor.swift; sourceTree = "<group>"; };
		89562E6224A05B7C002F9785 /* ZHTextField.swift */ = {isa = PBXFileReference; lastKnownFileType = sourcecode.swift; path = ZHTextField.swift; sourceTree = "<group>"; };
		89562E6524A07864002F9785 /* Data.json */ = {isa = PBXFileReference; lastKnownFileType = text.json; path = Data.json; sourceTree = "<group>"; };
		89562E6624A091CB002F9785 /* Repository.swift */ = {isa = PBXFileReference; lastKnownFileType = sourcecode.swift; path = Repository.swift; sourceTree = "<group>"; };
/* End PBXFileReference section */

/* Begin PBXFrameworksBuildPhase section */
		894FB08D249EF5EE008A0D83 /* Frameworks */ = {
			isa = PBXFrameworksBuildPhase;
			buildActionMask = 2147483647;
			files = (
			);
			runOnlyForDeploymentPostprocessing = 0;
		};
/* End PBXFrameworksBuildPhase section */

/* Begin PBXGroup section */
		894FB087249EF5EE008A0D83 = {
			isa = PBXGroup;
			children = (
				894FB092249EF5EE008A0D83 /* GitExplorer-iOS */,
				894FB091249EF5EE008A0D83 /* Products */,
			);
			sourceTree = "<group>";
		};
		894FB091249EF5EE008A0D83 /* Products */ = {
			isa = PBXGroup;
			children = (
				894FB090249EF5EE008A0D83 /* GitExplorer.app */,
			);
			name = Products;
			sourceTree = "<group>";
		};
		894FB092249EF5EE008A0D83 /* GitExplorer-iOS */ = {
			isa = PBXGroup;
			children = (
				89562E6424A0783B002F9785 /* Data */,
				894FB0A7249F0225008A0D83 /* view */,
				894FB093249EF5EE008A0D83 /* AppDelegate.swift */,
				894FB095249EF5EE008A0D83 /* SceneDelegate.swift */,
				894FB097249EF5EE008A0D83 /* ViewController.swift */,
				894FB099249EF5EE008A0D83 /* Main.storyboard */,
				894FB09C249EF5F0008A0D83 /* Assets.xcassets */,
				894FB09E249EF5F0008A0D83 /* LaunchScreen.storyboard */,
				894FB0A1249EF5F0008A0D83 /* Info.plist */,
			);
			path = "GitExplorer-iOS";
			sourceTree = "<group>";
		};
		894FB0A7249F0225008A0D83 /* view */ = {
			isa = PBXGroup;
			children = (
				894FB0A8249F04F3008A0D83 /* ZHSelectView.swift */,
				890B0500249FA1A400F8EF5D /* ZHInfoView.swift */,
				89562E6024A040EE002F9785 /* ZHColor.swift */,
				89562E6224A05B7C002F9785 /* ZHTextField.swift */,
			);
			path = view;
			sourceTree = "<group>";
		};
		89562E6424A0783B002F9785 /* Data */ = {
			isa = PBXGroup;
			children = (
				89562E6524A07864002F9785 /* Data.json */,
				89562E6624A091CB002F9785 /* Repository.swift */,
			);
			path = Data;
			sourceTree = "<group>";
		};
/* End PBXGroup section */

/* Begin PBXNativeTarget section */
		894FB08F249EF5EE008A0D83 /* GitExplorer-iOS */ = {
			isa = PBXNativeTarget;
			buildConfigurationList = 894FB0A4249EF5F0008A0D83 /* Build configuration list for PBXNativeTarget "GitExplorer-iOS" */;
			buildPhases = (
				894FB08C249EF5EE008A0D83 /* Sources */,
				894FB08D249EF5EE008A0D83 /* Frameworks */,
				894FB08E249EF5EE008A0D83 /* Resources */,
			);
			buildRules = (
			);
			dependencies = (
			);
			name = "GitExplorer-iOS";
			productName = "GitExplorer-iOS";
			productReference = 894FB090249EF5EE008A0D83 /* GitExplorer.app */;
			productType = "com.apple.product-type.application";
		};
/* End PBXNativeTarget section */

/* Begin PBXProject section */
		894FB088249EF5EE008A0D83 /* Project object */ = {
			isa = PBXProject;
			attributes = {
				LastSwiftUpdateCheck = 1140;
				LastUpgradeCheck = 1140;
				ORGANIZATIONNAME = Zoha;
				TargetAttributes = {
					894FB08F249EF5EE008A0D83 = {
						CreatedOnToolsVersion = 11.4.1;
					};
				};
			};
			buildConfigurationList = 894FB08B249EF5EE008A0D83 /* Build configuration list for PBXProject "GitExplorer-iOS" */;
			compatibilityVersion = "Xcode 9.3";
			developmentRegion = en;
			hasScannedForEncodings = 0;
			knownRegions = (
				en,
				Base,
			);
			mainGroup = 894FB087249EF5EE008A0D83;
			productRefGroup = 894FB091249EF5EE008A0D83 /* Products */;
			projectDirPath = "";
			projectRoot = "";
			targets = (
				894FB08F249EF5EE008A0D83 /* GitExplorer-iOS */,
			);
		};
/* End PBXProject section */

/* Begin PBXResourcesBuildPhase section */
		894FB08E249EF5EE008A0D83 /* Resources */ = {
			isa = PBXResourcesBuildPhase;
			buildActionMask = 2147483647;
			files = (
				8927274124A094B300A26C63 /* Data.json in Resources */,
				894FB0A0249EF5F0008A0D83 /* LaunchScreen.storyboard in Resources */,
				894FB09D249EF5F0008A0D83 /* Assets.xcassets in Resources */,
				894FB09B249EF5EE008A0D83 /* Main.storyboard in Resources */,
			);
			runOnlyForDeploymentPostprocessing = 0;
		};
/* End PBXResourcesBuildPhase section */

/* Begin PBXSourcesBuildPhase section */
		894FB08C249EF5EE008A0D83 /* Sources */ = {
			isa = PBXSourcesBuildPhase;
			buildActionMask = 2147483647;
			files = (
				894FB098249EF5EE008A0D83 /* ViewController.swift in Sources */,
				89562E6324A05B7C002F9785 /* ZHTextField.swift in Sources */,
				894FB094249EF5EE008A0D83 /* AppDelegate.swift in Sources */,
				89562E6724A091CB002F9785 /* Repository.swift in Sources */,
				894FB0A9249F04F3008A0D83 /* ZHSelectView.swift in Sources */,
				89562E6124A040EE002F9785 /* ZHColor.swift in Sources */,
				894FB096249EF5EE008A0D83 /* SceneDelegate.swift in Sources */,
				890B0501249FA1A400F8EF5D /* ZHInfoView.swift in Sources */,
			);
			runOnlyForDeploymentPostprocessing = 0;
		};
/* End PBXSourcesBuildPhase section */

/* Begin PBXVariantGroup section */
		894FB099249EF5EE008A0D83 /* Main.storyboard */ = {
			isa = PBXVariantGroup;
			children = (
				894FB09A249EF5EE008A0D83 /* Base */,
			);
			name = Main.storyboard;
			sourceTree = "<group>";
		};
		894FB09E249EF5F0008A0D83 /* LaunchScreen.storyboard */ = {
			isa = PBXVariantGroup;
			children = (
				894FB09F249EF5F0008A0D83 /* Base */,
			);
			name = LaunchScreen.storyboard;
			sourceTree = "<group>";
		};
/* End PBXVariantGroup section */

/* Begin XCBuildConfiguration section */
		894FB0A2249EF5F0008A0D83 /* Debug */ = {
			isa = XCBuildConfiguration;
			buildSettings = {
				ALWAYS_SEARCH_USER_PATHS = NO;
				CLANG_ANALYZER_NONNULL = YES;
				CLANG_ANALYZER_NUMBER_OBJECT_CONVERSION = YES_AGGRESSIVE;
				CLANG_CXX_LANGUAGE_STANDARD = "gnu++14";
				CLANG_CXX_LIBRARY = "libc++";
				CLANG_ENABLE_MODULES = YES;
				CLANG_ENABLE_OBJC_ARC = YES;
				CLANG_ENABLE_OBJC_WEAK = YES;
				CLANG_WARN_BLOCK_CAPTURE_AUTORELEASING = YES;
				CLANG_WARN_BOOL_CONVERSION = YES;
				CLANG_WARN_COMMA = YES;
				CLANG_WARN_CONSTANT_CONVERSION = YES;
				CLANG_WARN_DEPRECATED_OBJC_IMPLEMENTATIONS = YES;
				CLANG_WARN_DIRECT_OBJC_ISA_USAGE = YES_ERROR;
				CLANG_WARN_DOCUMENTATION_COMMENTS = YES;
				CLANG_WARN_EMPTY_BODY = YES;
				CLANG_WARN_ENUM_CONVERSION = YES;
				CLANG_WARN_INFINITE_RECURSION = YES;
				CLANG_WARN_INT_CONVERSION = YES;
				CLANG_WARN_NON_LITERAL_NULL_CONVERSION = YES;
				CLANG_WARN_OBJC_IMPLICIT_RETAIN_SELF = YES;
				CLANG_WARN_OBJC_LITERAL_CONVERSION = YES;
				CLANG_WARN_OBJC_ROOT_CLASS = YES_ERROR;
				CLANG_WARN_RANGE_LOOP_ANALYSIS = YES;
				CLANG_WARN_STRICT_PROTOTYPES = YES;
				CLANG_WARN_SUSPICIOUS_MOVE = YES;
				CLANG_WARN_UNGUARDED_AVAILABILITY = YES_AGGRESSIVE;
				CLANG_WARN_UNREACHABLE_CODE = YES;
				CLANG_WARN__DUPLICATE_METHOD_MATCH = YES;
				COPY_PHASE_STRIP = NO;
				DEBUG_INFORMATION_FORMAT = dwarf;
				ENABLE_STRICT_OBJC_MSGSEND = YES;
				ENABLE_TESTABILITY = YES;
				GCC_C_LANGUAGE_STANDARD = gnu11;
				GCC_DYNAMIC_NO_PIC = NO;
				GCC_NO_COMMON_BLOCKS = YES;
				GCC_OPTIMIZATION_LEVEL = 0;
				GCC_PREPROCESSOR_DEFINITIONS = (
					"DEBUG=1",
					"$(inherited)",
				);
				GCC_WARN_64_TO_32_BIT_CONVERSION = YES;
				GCC_WARN_ABOUT_RETURN_TYPE = YES_ERROR;
				GCC_WARN_UNDECLARED_SELECTOR = YES;
				GCC_WARN_UNINITIALIZED_AUTOS = YES_AGGRESSIVE;
				GCC_WARN_UNUSED_FUNCTION = YES;
				GCC_WARN_UNUSED_VARIABLE = YES;
				IPHONEOS_DEPLOYMENT_TARGET = 13.4;
				MTL_ENABLE_DEBUG_INFO = INCLUDE_SOURCE;
				MTL_FAST_MATH = YES;
				ONLY_ACTIVE_ARCH = YES;
				SDKROOT = iphoneos;
				SWIFT_ACTIVE_COMPILATION_CONDITIONS = DEBUG;
				SWIFT_OPTIMIZATION_LEVEL = "-Onone";
			};
			name = Debug;
		};
		894FB0A3249EF5F0008A0D83 /* Release */ = {
			isa = XCBuildConfiguration;
			buildSettings = {
				ALWAYS_SEARCH_USER_PATHS = NO;
				CLANG_ANALYZER_NONNULL = YES;
				CLANG_ANALYZER_NUMBER_OBJECT_CONVERSION = YES_AGGRESSIVE;
				CLANG_CXX_LANGUAGE_STANDARD = "gnu++14";
				CLANG_CXX_LIBRARY = "libc++";
				CLANG_ENABLE_MODULES = YES;
				CLANG_ENABLE_OBJC_ARC = YES;
				CLANG_ENABLE_OBJC_WEAK = YES;
				CLANG_WARN_BLOCK_CAPTURE_AUTORELEASING = YES;
				CLANG_WARN_BOOL_CONVERSION = YES;
				CLANG_WARN_COMMA = YES;
				CLANG_WARN_CONSTANT_CONVERSION = YES;
				CLANG_WARN_DEPRECATED_OBJC_IMPLEMENTATIONS = YES;
				CLANG_WARN_DIRECT_OBJC_ISA_USAGE = YES_ERROR;
				CLANG_WARN_DOCUMENTATION_COMMENTS = YES;
				CLANG_WARN_EMPTY_BODY = YES;
				CLANG_WARN_ENUM_CONVERSION = YES;
				CLANG_WARN_INFINITE_RECURSION = YES;
				CLANG_WARN_INT_CONVERSION = YES;
				CLANG_WARN_NON_LITERAL_NULL_CONVERSION = YES;
				CLANG_WARN_OBJC_IMPLICIT_RETAIN_SELF = YES;
				CLANG_WARN_OBJC_LITERAL_CONVERSION = YES;
				CLANG_WARN_OBJC_ROOT_CLASS = YES_ERROR;
				CLANG_WARN_RANGE_LOOP_ANALYSIS = YES;
				CLANG_WARN_STRICT_PROTOTYPES = YES;
				CLANG_WARN_SUSPICIOUS_MOVE = YES;
				CLANG_WARN_UNGUARDED_AVAILABILITY = YES_AGGRESSIVE;
				CLANG_WARN_UNREACHABLE_CODE = YES;
				CLANG_WARN__DUPLICATE_METHOD_MATCH = YES;
				COPY_PHASE_STRIP = NO;
				DEBUG_INFORMATION_FORMAT = "dwarf-with-dsym";
				ENABLE_NS_ASSERTIONS = NO;
				ENABLE_STRICT_OBJC_MSGSEND = YES;
				GCC_C_LANGUAGE_STANDARD = gnu11;
				GCC_NO_COMMON_BLOCKS = YES;
				GCC_WARN_64_TO_32_BIT_CONVERSION = YES;
				GCC_WARN_ABOUT_RETURN_TYPE = YES_ERROR;
				GCC_WARN_UNDECLARED_SELECTOR = YES;
				GCC_WARN_UNINITIALIZED_AUTOS = YES_AGGRESSIVE;
				GCC_WARN_UNUSED_FUNCTION = YES;
				GCC_WARN_UNUSED_VARIABLE = YES;
				IPHONEOS_DEPLOYMENT_TARGET = 13.4;
				MTL_ENABLE_DEBUG_INFO = NO;
				MTL_FAST_MATH = YES;
				SDKROOT = iphoneos;
				SWIFT_COMPILATION_MODE = wholemodule;
				SWIFT_OPTIMIZATION_LEVEL = "-O";
				VALIDATE_PRODUCT = YES;
			};
			name = Release;
		};
		894FB0A5249EF5F0008A0D83 /* Debug */ = {
			isa = XCBuildConfiguration;
			buildSettings = {
				ASSETCATALOG_COMPILER_APPICON_NAME = AppIcon;
				CODE_SIGN_STYLE = Automatic;
				DEVELOPMENT_TEAM = 4UDSZ3HFA2;
				INFOPLIST_FILE = "GitExplorer-iOS/Info.plist";
				LD_RUNPATH_SEARCH_PATHS = (
					"$(inherited)",
					"@executable_path/Frameworks",
				);
				PRODUCT_BUNDLE_IDENTIFIER = "io.github.zoha131.GitExplorer-iOS";
				PRODUCT_NAME = GitExplorer;
				SWIFT_VERSION = 5.0;
				TARGETED_DEVICE_FAMILY = "1,2";
			};
			name = Debug;
		};
		894FB0A6249EF5F0008A0D83 /* Release */ = {
			isa = XCBuildConfiguration;
			buildSettings = {
				ASSETCATALOG_COMPILER_APPICON_NAME = AppIcon;
				CODE_SIGN_STYLE = Automatic;
				DEVELOPMENT_TEAM = 4UDSZ3HFA2;
				INFOPLIST_FILE = "GitExplorer-iOS/Info.plist";
				LD_RUNPATH_SEARCH_PATHS = (
					"$(inherited)",
					"@executable_path/Frameworks",
				);
				PRODUCT_BUNDLE_IDENTIFIER = "io.github.zoha131.GitExplorer-iOS";
				PRODUCT_NAME = GitExplorer;
				SWIFT_VERSION = 5.0;
				TARGETED_DEVICE_FAMILY = "1,2";
			};
			name = Release;
		};
/* End XCBuildConfiguration section */

/* Begin XCConfigurationList section */
		894FB08B249EF5EE008A0D83 /* Build configuration list for PBXProject "GitExplorer-iOS" */ = {
			isa = XCConfigurationList;
			buildConfigurations = (
				894FB0A2249EF5F0008A0D83 /* Debug */,
				894FB0A3249EF5F0008A0D83 /* Release */,
			);
			defaultConfigurationIsVisible = 0;
			defaultConfigurationName = Release;
		};
		894FB0A4249EF5F0008A0D83 /* Build configuration list for PBXNativeTarget "GitExplorer-iOS" */ = {
			isa = XCConfigurationList;
			buildConfigurations = (
				894FB0A5249EF5F0008A0D83 /* Debug */,
				894FB0A6249EF5F0008A0D83 /* Release */,
			);
			defaultConfigurationIsVisible = 0;
			defaultConfigurationName = Release;
		};
/* End XCConfigurationList section */
	};
	rootObject = 894FB088249EF5EE008A0D83 /* Project object */;
}
